
Microsoft Visual Studio Solution File, Format Version 12.00
# Visual Studio Version 16
VisualStudioVersion = 16.0.30907.101
MinimumVisualStudioVersion = 10.0.40219.1
Project("{8BC9CEB8-8B4A-11D0-8D11-00A0C91BC942}") = "B1_01", "cpp_programming_study\cpp_programming_study.vcxproj", "{A6F7FC8E-B488-4DDF-9748-82509EAB3C71}"
EndProject
Project("{8BC9CEB8-8B4A-11D0-8D11-00A0C91BC942}") = "B1_02", "B1_02\B1_02.vcxproj", "{4D00DFA2-379D-40AF-BC1B-8E3ED5018C08}"
EndProject
Project("{8BC9CEB8-8B4A-11D0-8D11-00A0C91BC942}") = "B1_03", "B1_03\B1_03.vcxproj", "{A9C0A587-8F28-4940-9493-55A0B0E4E502}"
EndProject
Project("{8BC9CEB8-8B4A-11D0-8D11-00A0C91BC942}") = "B1_04", "B1_04\B1_04.vcxproj", "{4203BA98-DA26-42BF-B87E-9C79BB622A43}"
EndProject
Project("{8BC9CEB8-8B4A-11D0-8D11-00A0C91BC942}") = "B1_05", "B1_05\B1_05.vcxproj", "{48BC8B4A-5AE4-47B9-86F1-24A0D51B1798}"
EndProject
Project("{8BC9CEB8-8B4A-11D0-8D11-00A0C91BC942}") = "B1_06", "B1_06\B1_06.vcxproj", "{5ECA5A50-A125-4519-B6E4-953C49B7E959}"
EndProject
Project("{8BC9CEB8-8B4A-11D0-8D11-00A0C91BC942}") = "B1_07", "B1_07\B1_07.vcxproj", "{181F68C5-2517-451A-A63F-51B96C409F80}"
EndProject
Project("{8BC9CEB8-8B4A-11D0-8D11-00A0C91BC942}") = "B1_08", "B1_08\B1_08.vcxproj", "{24335CBD-A75A-474E-9F1F-5D23BFC7C824}"
EndProject
Global
	GlobalSection(SolutionConfigurationPlatforms) = preSolution
		Debug|x64 = Debug|x64
		Debug|x86 = Debug|x86
		Release|x64 = Release|x64
		Release|x86 = Release|x86
	EndGlobalSection
	GlobalSection(ProjectConfigurationPlatforms) = postSolution
		{A6F7FC8E-B488-4DDF-9748-82509EAB3C71}.Debug|x64.ActiveCfg = Debug|x64
		{A6F7FC8E-B488-4DDF-9748-82509EAB3C71}.Debug|x64.Build.0 = Debug|x64
		{A6F7FC8E-B488-4DDF-9748-82509EAB3C71}.Debug|x86.ActiveCfg = Debug|Win32
		{A6F7FC8E-B488-4DDF-9748-82509EAB3C71}.Debug|x86.Build.0 = Debug|Win32
		{A6F7FC8E-B488-4DDF-9748-82509EAB3C71}.Release|x64.ActiveCfg = Release|x64
		{A6F7FC8E-B488-4DDF-9748-82509EAB3C71}.Release|x64.Build.0 = Release|x64
		{A6F7FC8E-B488-4DDF-9748-82509EAB3C71}.Release|x86.ActiveCfg = Release|Win32
		{A6F7FC8E-B488-4DDF-9748-82509EAB3C71}.Release|x86.Build.0 = Release|Win32
		{4D00DFA2-379D-40AF-BC1B-8E3ED5018C08}.Debug|x64.ActiveCfg = Debug|x64
		{4D00DFA2-379D-40AF-BC1B-8E3ED5018C08}.Debug|x64.Build.0 = Debug|x64
		{4D00DFA2-379D-40AF-BC1B-8E3ED5018C08}.Debug|x86.ActiveCfg = Debug|Win32
		{4D00DFA2-379D-40AF-BC1B-8E3ED5018C08}.Debug|x86.Build.0 = Debug|Win32
		{4D00DFA2-379D-40AF-BC1B-8E3ED5018C08}.Release|x64.ActiveCfg = Release|x64
		{4D00DFA2-379D-40AF-BC1B-8E3ED5018C08}.Release|x64.Build.0 = Release|x64
		{4D00DFA2-379D-40AF-BC1B-8E3ED5018C08}.Release|x86.ActiveCfg = Release|Win32
		{4D00DFA2-379D-40AF-BC1B-8E3ED5018C08}.Release|x86.Build.0 = Release|Win32
		{A9C0A587-8F28-4940-9493-55A0B0E4E502}.Debug|x64.ActiveCfg = Debug|x64
		{A9C0A587-8F28-4940-9493-55A0B0E4E502}.Debug|x64.Build.0 = Debug|x64
		{A9C0A587-8F28-4940-9493-55A0B0E4E502}.Debug|x86.ActiveCfg = Debug|Win32
		{A9C0A587-8F28-4940-9493-55A0B0E4E502}.Debug|x86.Build.0 = Debug|Win32
		{A9C0A587-8F28-4940-9493-55A0B0E4E502}.Release|x64.ActiveCfg = Release|x64
		{A9C0A587-8F28-4940-9493-55A0B0E4E502}.Release|x64.Build.0 = Release|x64
		{A9C0A587-8F28-4940-9493-55A0B0E4E502}.Release|x86.ActiveCfg = Release|Win32
		{A9C0A587-8F28-4940-9493-55A0B0E4E502}.Release|x86.Build.0 = Release|Win32
		{4203BA98-DA26-42BF-B87E-9C79BB622A43}.Debug|x64.ActiveCfg = Debug|x64
		{4203BA98-DA26-42BF-B87E-9C79BB622A43}.Debug|x64.Build.0 = Debug|x64
		{4203BA98-DA26-42BF-B87E-9C79BB622A43}.Debug|x86.ActiveCfg = Debug|Win32
		{4203BA98-DA26-42BF-B87E-9C79BB622A43}.Debug|x86.Build.0 = Debug|Win32
		{4203BA98-DA26-42BF-B87E-9C79BB622A43}.Release|x64.ActiveCfg = Release|x64
		{4203BA98-DA26-42BF-B87E-9C79BB622A43}.Release|x64.Build.0 = Release|x64
		{4203BA98-DA26-42BF-B87E-9C79BB622A43}.Release|x86.ActiveCfg = Release|Win32
		{4203BA98-DA26-42BF-B87E-9C79BB622A43}.Release|x86.Build.0 = Release|Win32
		{48BC8B4A-5AE4-47B9-86F1-24A0D51B1798}.Debug|x64.ActiveCfg = Debug|x64
		{48BC8B4A-5AE4-47B9-86F1-24A0D51B1798}.Debug|x64.Build.0 = Debug|x64
		{48BC8B4A-5AE4-47B9-86F1-24A0D51B1798}.Debug|x86.ActiveCfg = Debug|Win32
		{48BC8B4A-5AE4-47B9-86F1-24A0D51B1798}.Debug|x86.Build.0 = Debug|Win32
		{48BC8B4A-5AE4-47B9-86F1-24A0D51B1798}.Release|x64.ActiveCfg = Release|x64
		{48BC8B4A-5AE4-47B9-86F1-24A0D51B1798}.Release|x64.Build.0 = Release|x64
		{48BC8B4A-5AE4-47B9-86F1-24A0D51B1798}.Release|x86.ActiveCfg = Release|Win32
		{48BC8B4A-5AE4-47B9-86F1-24A0D51B1798}.Release|x86.Build.0 = Release|Win32
		{5ECA5A50-A125-4519-B6E4-953C49B7E959}.Debug|x64.ActiveCfg = Debug|x64
		{5ECA5A50-A125-4519-B6E4-953C49B7E959}.Debug|x64.Build.0 = Debug|x64
		{5ECA5A50-A125-4519-B6E4-953C49B7E959}.Debug|x86.ActiveCfg = Debug|Win32
		{5ECA5A50-A125-4519-B6E4-953C49B7E959}.Debug|x86.Build.0 = Debug|Win32
		{5ECA5A50-A125-4519-B6E4-953C49B7E959}.Release|x64.ActiveCfg = Release|x64
		{5ECA5A50-A125-4519-B6E4-953C49B7E959}.Release|x64.Build.0 = Release|x64
		{5ECA5A50-A125-4519-B6E4-953C49B7E959}.Release|x86.ActiveCfg = Release|Win32
		{5ECA5A50-A125-4519-B6E4-953C49B7E959}.Release|x86.Build.0 = Release|Win32
		{181F68C5-2517-451A-A63F-51B96C409F80}.Debug|x64.ActiveCfg = Debug|x64
		{181F68C5-2517-451A-A63F-51B96C409F80}.Debug|x64.Build.0 = Debug|x64
		{181F68C5-2517-451A-A63F-51B96C409F80}.Debug|x86.ActiveCfg = Debug|Win32
		{181F68C5-2517-451A-A63F-51B96C409F80}.Debug|x86.Build.0 = Debug|Win32
		{181F68C5-2517-451A-A63F-51B96C409F80}.Release|x64.ActiveCfg = Release|x64
		{181F68C5-2517-451A-A63F-51B96C409F80}.Release|x64.Build.0 = Release|x64
		{181F68C5-2517-451A-A63F-51B96C409F80}.Release|x86.ActiveCfg = Release|Win32
		{181F68C5-2517-451A-A63F-51B96C409F80}.Release|x86.Build.0 = Release|Win32
		{24335CBD-A75A-474E-9F1F-5D23BFC7C824}.Debug|x64.ActiveCfg = Debug|x64
		{24335CBD-A75A-474E-9F1F-5D23BFC7C824}.Debug|x64.Build.0 = Debug|x64
		{24335CBD-A75A-474E-9F1F-5D23BFC7C824}.Debug|x86.ActiveCfg = Debug|Win32
		{24335CBD-A75A-474E-9F1F-5D23BFC7C824}.Debug|x86.Build.0 = Debug|Win32
		{24335CBD-A75A-474E-9F1F-5D23BFC7C824}.Release|x64.ActiveCfg = Release|x64
		{24335CBD-A75A-474E-9F1F-5D23BFC7C824}.Release|x64.Build.0 = Release|x64
		{24335CBD-A75A-474E-9F1F-5D23BFC7C824}.Release|x86.ActiveCfg = Release|Win32
		{24335CBD-A75A-474E-9F1F-5D23BFC7C824}.Release|x86.Build.0 = Release|Win32
	EndGlobalSection
	GlobalSection(SolutionProperties) = preSolution
		HideSolutionNode = FALSE
	EndGlobalSection
	GlobalSection(ExtensibilityGlobals) = postSolution
		SolutionGuid = {6B80F426-F680-4842-B770-777B3CA3B621}
	EndGlobalSection
EndGlobal
