
Microsoft Visual Studio Solution File, Format Version 12.00
# Visual Studio Version 16
VisualStudioVersion = 16.0.30907.101
MinimumVisualStudioVersion = 10.0.40219.1
Project("{8BC9CEB8-8B4A-11D0-8D11-00A0C91BC942}") = "B1_01", "cpp_programming_study\cpp_programming_study.vcxproj", "{A6F7FC8E-B488-4DDF-9748-82509EAB3C71}"
EndProject
Project("{8BC9CEB8-8B4A-11D0-8D11-00A0C91BC942}") = "B1_02", "B1_02\B1_02.vcxproj", "{4D00DFA2-379D-40AF-BC1B-8E3ED5018C08}"
EndProject
Project("{8BC9CEB8-8B4A-11D0-8D11-00A0C91BC942}") = "B1_03", "B1_03\B1_03.vcxproj", "{A9C0A587-8F28-4940-9493-55A0B0E4E502}"
EndProject
Project("{8BC9CEB8-8B4A-11D0-8D11-00A0C91BC942}") = "B1_04", "B1_04\B1_04.vcxproj", "{4203BA98-DA26-42BF-B87E-9C79BB622A43}"
EndProject
Project("{8BC9CEB8-8B4A-11D0-8D11-00A0C91BC942}") = "B1_05", "B1_05\B1_05.vcxproj", "{48BC8B4A-5AE4-47B9-86F1-24A0D51B1798}"
EndProject
Project("{8BC9CEB8-8B4A-11D0-8D11-00A0C91BC942}") = "B1_06", "B1_06\B1_06.vcxproj", "{5ECA5A50-A125-4519-B6E4-953C49B7E959}"
EndProject
Project("{8BC9CEB8-8B4A-11D0-8D11-00A0C91BC942}") = "B1_07", "B1_07\B1_07.vcxproj", "{181F68C5-2517-451A-A63F-51B96C409F80}"
EndProject
Project("{8BC9CEB8-8B4A-11D0-8D11-00A0C91BC942}") = "B1_08", "B1_08\B1_08.vcxproj", "{24335CBD-A75A-474E-9F1F-5D23BFC7C824}"
EndProject
Project("{8BC9CEB8-8B4A-11D0-8D11-00A0C91BC942}") = "B1_09", "B1_09\B1_09.vcxproj", "{F0C4EEA9-06FA-48FB-ABE6-08B1D2084B87}"
EndProject
Project("{8BC9CEB8-8B4A-11D0-8D11-00A0C91BC942}") = "B1_10", "B1_10\B1_10.vcxproj", "{AD35C9FA-7194-47C8-BB7E-5128E5D7585B}"
EndProject
Project("{8BC9CEB8-8B4A-11D0-8D11-00A0C91BC942}") = "B1_11", "B1_11\B1_11.vcxproj", "{C31FF062-018E-4CFB-A495-E53A85A6704B}"
EndProject
Project("{8BC9CEB8-8B4A-11D0-8D11-00A0C91BC942}") = "B1_12", "B1_12\B1_12.vcxproj", "{C60822E9-F50E-4417-87EC-E1E766B09B15}"
EndProject
Project("{8BC9CEB8-8B4A-11D0-8D11-00A0C91BC942}") = "B1_13", "B1_13\B1_13.vcxproj", "{7E7E7425-E0E1-4E15-83A8-2C8712A17515}"
EndProject
Project("{8BC9CEB8-8B4A-11D0-8D11-00A0C91BC942}") = "B1_14", "B1_14\B1_14.vcxproj", "{4040868A-E113-4570-9184-A466E7F9ACEA}"
EndProject
Project("{8BC9CEB8-8B4A-11D0-8D11-00A0C91BC942}") = "B1_15", "B1_15\B1_15.vcxproj", "{77224BC1-325A-45FC-A9E6-383CF821BA57}"
EndProject
Project("{8BC9CEB8-8B4A-11D0-8D11-00A0C91BC942}") = "B1_16", "B1_16\B1_16.vcxproj", "{EC3E7A0F-965F-4D6C-9B8E-A6DB89267C75}"
EndProject
Project("{8BC9CEB8-8B4A-11D0-8D11-00A0C91BC942}") = "B1_17", "B1_17\B1_17.vcxproj", "{59C2A16C-B33C-48D3-BC5E-0B821D5B9271}"
EndProject
Project("{8BC9CEB8-8B4A-11D0-8D11-00A0C91BC942}") = "B1_18", "B1_18\B1_18.vcxproj", "{E43398D4-6554-47BE-9C6F-AF7A499FA27C}"
EndProject
Project("{8BC9CEB8-8B4A-11D0-8D11-00A0C91BC942}") = "B1_19", "B1_20\B1_20.vcxproj", "{93AB4352-C54F-4CCA-90E3-1FE1E36BA03A}"
EndProject
Project("{8BC9CEB8-8B4A-11D0-8D11-00A0C91BC942}") = "B1_21", "B1_21\B1_21.vcxproj", "{C344C191-3D38-4DCD-AEA5-1F5BC512EDE1}"
EndProject
Project("{8BC9CEB8-8B4A-11D0-8D11-00A0C91BC942}") = "B1_22", "B1_22\B1_22.vcxproj", "{F3F8158D-4F43-4B4B-A67D-33FE0B356810}"
EndProject
Project("{8BC9CEB8-8B4A-11D0-8D11-00A0C91BC942}") = "B1_23", "B1_23\B1_23.vcxproj", "{344097E5-06B8-475C-8435-FBE251BB8832}"
EndProject
Project("{8BC9CEB8-8B4A-11D0-8D11-00A0C91BC942}") = "B1_24", "B1_24\B1_24.vcxproj", "{1D2B2311-B44B-4AAA-9D95-430FBEC44418}"
EndProject
Project("{8BC9CEB8-8B4A-11D0-8D11-00A0C91BC942}") = "B1_25", "B1_25\B1_25.vcxproj", "{8C87F035-FA38-408F-A9A0-DA3E173DC08D}"
EndProject
Project("{8BC9CEB8-8B4A-11D0-8D11-00A0C91BC942}") = "B1_26", "B1_27\B1_27.vcxproj", "{D51FE1F9-4F1E-4AA4-A71D-4CCEAE51A3C4}"
EndProject
Project("{8BC9CEB8-8B4A-11D0-8D11-00A0C91BC942}") = "B1_28", "B1_28\B1_28.vcxproj", "{5F228D74-B8D5-4FBF-A3C9-0EC7F9210DAD}"
EndProject
Project("{8BC9CEB8-8B4A-11D0-8D11-00A0C91BC942}") = "B1_29", "B1_29\B1_29.vcxproj", "{83FCD137-511E-4CCC-A42F-71202F699ACD}"
EndProject
Project("{8BC9CEB8-8B4A-11D0-8D11-00A0C91BC942}") = "B1_30", "B1_30\B1_30.vcxproj", "{DBB31C8C-6FA7-4AED-B990-9D5D6A480FFD}"
EndProject
Project("{8BC9CEB8-8B4A-11D0-8D11-00A0C91BC942}") = "B1_32", "B1_32\B1_32.vcxproj", "{F18AD5DC-8FA0-4344-BD2A-81EC42AAEF24}"
EndProject
Global
	GlobalSection(SolutionConfigurationPlatforms) = preSolution
		Debug|x64 = Debug|x64
		Debug|x86 = Debug|x86
		Release|x64 = Release|x64
		Release|x86 = Release|x86
	EndGlobalSection
	GlobalSection(ProjectConfigurationPlatforms) = postSolution
		{A6F7FC8E-B488-4DDF-9748-82509EAB3C71}.Debug|x64.ActiveCfg = Debug|x64
		{A6F7FC8E-B488-4DDF-9748-82509EAB3C71}.Debug|x64.Build.0 = Debug|x64
		{A6F7FC8E-B488-4DDF-9748-82509EAB3C71}.Debug|x86.ActiveCfg = Debug|Win32
		{A6F7FC8E-B488-4DDF-9748-82509EAB3C71}.Debug|x86.Build.0 = Debug|Win32
		{A6F7FC8E-B488-4DDF-9748-82509EAB3C71}.Release|x64.ActiveCfg = Release|x64
		{A6F7FC8E-B488-4DDF-9748-82509EAB3C71}.Release|x64.Build.0 = Release|x64
		{A6F7FC8E-B488-4DDF-9748-82509EAB3C71}.Release|x86.ActiveCfg = Release|Win32
		{A6F7FC8E-B488-4DDF-9748-82509EAB3C71}.Release|x86.Build.0 = Release|Win32
		{4D00DFA2-379D-40AF-BC1B-8E3ED5018C08}.Debug|x64.ActiveCfg = Debug|x64
		{4D00DFA2-379D-40AF-BC1B-8E3ED5018C08}.Debug|x64.Build.0 = Debug|x64
		{4D00DFA2-379D-40AF-BC1B-8E3ED5018C08}.Debug|x86.ActiveCfg = Debug|Win32
		{4D00DFA2-379D-40AF-BC1B-8E3ED5018C08}.Debug|x86.Build.0 = Debug|Win32
		{4D00DFA2-379D-40AF-BC1B-8E3ED5018C08}.Release|x64.ActiveCfg = Release|x64
		{4D00DFA2-379D-40AF-BC1B-8E3ED5018C08}.Release|x64.Build.0 = Release|x64
		{4D00DFA2-379D-40AF-BC1B-8E3ED5018C08}.Release|x86.ActiveCfg = Release|Win32
		{4D00DFA2-379D-40AF-BC1B-8E3ED5018C08}.Release|x86.Build.0 = Release|Win32
		{A9C0A587-8F28-4940-9493-55A0B0E4E502}.Debug|x64.ActiveCfg = Debug|x64
		{A9C0A587-8F28-4940-9493-55A0B0E4E502}.Debug|x64.Build.0 = Debug|x64
		{A9C0A587-8F28-4940-9493-55A0B0E4E502}.Debug|x86.ActiveCfg = Debug|Win32
		{A9C0A587-8F28-4940-9493-55A0B0E4E502}.Debug|x86.Build.0 = Debug|Win32
		{A9C0A587-8F28-4940-9493-55A0B0E4E502}.Release|x64.ActiveCfg = Release|x64
		{A9C0A587-8F28-4940-9493-55A0B0E4E502}.Release|x64.Build.0 = Release|x64
		{A9C0A587-8F28-4940-9493-55A0B0E4E502}.Release|x86.ActiveCfg = Release|Win32
		{A9C0A587-8F28-4940-9493-55A0B0E4E502}.Release|x86.Build.0 = Release|Win32
		{4203BA98-DA26-42BF-B87E-9C79BB622A43}.Debug|x64.ActiveCfg = Debug|x64
		{4203BA98-DA26-42BF-B87E-9C79BB622A43}.Debug|x64.Build.0 = Debug|x64
		{4203BA98-DA26-42BF-B87E-9C79BB622A43}.Debug|x86.ActiveCfg = Debug|Win32
		{4203BA98-DA26-42BF-B87E-9C79BB622A43}.Debug|x86.Build.0 = Debug|Win32
		{4203BA98-DA26-42BF-B87E-9C79BB622A43}.Release|x64.ActiveCfg = Release|x64
		{4203BA98-DA26-42BF-B87E-9C79BB622A43}.Release|x64.Build.0 = Release|x64
		{4203BA98-DA26-42BF-B87E-9C79BB622A43}.Release|x86.ActiveCfg = Release|Win32
		{4203BA98-DA26-42BF-B87E-9C79BB622A43}.Release|x86.Build.0 = Release|Win32
		{48BC8B4A-5AE4-47B9-86F1-24A0D51B1798}.Debug|x64.ActiveCfg = Debug|x64
		{48BC8B4A-5AE4-47B9-86F1-24A0D51B1798}.Debug|x64.Build.0 = Debug|x64
		{48BC8B4A-5AE4-47B9-86F1-24A0D51B1798}.Debug|x86.ActiveCfg = Debug|Win32
		{48BC8B4A-5AE4-47B9-86F1-24A0D51B1798}.Debug|x86.Build.0 = Debug|Win32
		{48BC8B4A-5AE4-47B9-86F1-24A0D51B1798}.Release|x64.ActiveCfg = Release|x64
		{48BC8B4A-5AE4-47B9-86F1-24A0D51B1798}.Release|x64.Build.0 = Release|x64
		{48BC8B4A-5AE4-47B9-86F1-24A0D51B1798}.Release|x86.ActiveCfg = Release|Win32
		{48BC8B4A-5AE4-47B9-86F1-24A0D51B1798}.Release|x86.Build.0 = Release|Win32
		{5ECA5A50-A125-4519-B6E4-953C49B7E959}.Debug|x64.ActiveCfg = Debug|x64
		{5ECA5A50-A125-4519-B6E4-953C49B7E959}.Debug|x64.Build.0 = Debug|x64
		{5ECA5A50-A125-4519-B6E4-953C49B7E959}.Debug|x86.ActiveCfg = Debug|Win32
		{5ECA5A50-A125-4519-B6E4-953C49B7E959}.Debug|x86.Build.0 = Debug|Win32
		{5ECA5A50-A125-4519-B6E4-953C49B7E959}.Release|x64.ActiveCfg = Release|x64
		{5ECA5A50-A125-4519-B6E4-953C49B7E959}.Release|x64.Build.0 = Release|x64
		{5ECA5A50-A125-4519-B6E4-953C49B7E959}.Release|x86.ActiveCfg = Release|Win32
		{5ECA5A50-A125-4519-B6E4-953C49B7E959}.Release|x86.Build.0 = Release|Win32
		{181F68C5-2517-451A-A63F-51B96C409F80}.Debug|x64.ActiveCfg = Debug|x64
		{181F68C5-2517-451A-A63F-51B96C409F80}.Debug|x64.Build.0 = Debug|x64
		{181F68C5-2517-451A-A63F-51B96C409F80}.Debug|x86.ActiveCfg = Debug|Win32
		{181F68C5-2517-451A-A63F-51B96C409F80}.Debug|x86.Build.0 = Debug|Win32
		{181F68C5-2517-451A-A63F-51B96C409F80}.Release|x64.ActiveCfg = Release|x64
		{181F68C5-2517-451A-A63F-51B96C409F80}.Release|x64.Build.0 = Release|x64
		{181F68C5-2517-451A-A63F-51B96C409F80}.Release|x86.ActiveCfg = Release|Win32
		{181F68C5-2517-451A-A63F-51B96C409F80}.Release|x86.Build.0 = Release|Win32
		{24335CBD-A75A-474E-9F1F-5D23BFC7C824}.Debug|x64.ActiveCfg = Debug|x64
		{24335CBD-A75A-474E-9F1F-5D23BFC7C824}.Debug|x64.Build.0 = Debug|x64
		{24335CBD-A75A-474E-9F1F-5D23BFC7C824}.Debug|x86.ActiveCfg = Debug|Win32
		{24335CBD-A75A-474E-9F1F-5D23BFC7C824}.Debug|x86.Build.0 = Debug|Win32
		{24335CBD-A75A-474E-9F1F-5D23BFC7C824}.Release|x64.ActiveCfg = Release|x64
		{24335CBD-A75A-474E-9F1F-5D23BFC7C824}.Release|x64.Build.0 = Release|x64
		{24335CBD-A75A-474E-9F1F-5D23BFC7C824}.Release|x86.ActiveCfg = Release|Win32
		{24335CBD-A75A-474E-9F1F-5D23BFC7C824}.Release|x86.Build.0 = Release|Win32
		{F0C4EEA9-06FA-48FB-ABE6-08B1D2084B87}.Debug|x64.ActiveCfg = Debug|x64
		{F0C4EEA9-06FA-48FB-ABE6-08B1D2084B87}.Debug|x64.Build.0 = Debug|x64
		{F0C4EEA9-06FA-48FB-ABE6-08B1D2084B87}.Debug|x86.ActiveCfg = Debug|Win32
		{F0C4EEA9-06FA-48FB-ABE6-08B1D2084B87}.Debug|x86.Build.0 = Debug|Win32
		{F0C4EEA9-06FA-48FB-ABE6-08B1D2084B87}.Release|x64.ActiveCfg = Release|x64
		{F0C4EEA9-06FA-48FB-ABE6-08B1D2084B87}.Release|x64.Build.0 = Release|x64
		{F0C4EEA9-06FA-48FB-ABE6-08B1D2084B87}.Release|x86.ActiveCfg = Release|Win32
		{F0C4EEA9-06FA-48FB-ABE6-08B1D2084B87}.Release|x86.Build.0 = Release|Win32
		{AD35C9FA-7194-47C8-BB7E-5128E5D7585B}.Debug|x64.ActiveCfg = Debug|x64
		{AD35C9FA-7194-47C8-BB7E-5128E5D7585B}.Debug|x64.Build.0 = Debug|x64
		{AD35C9FA-7194-47C8-BB7E-5128E5D7585B}.Debug|x86.ActiveCfg = Debug|Win32
		{AD35C9FA-7194-47C8-BB7E-5128E5D7585B}.Debug|x86.Build.0 = Debug|Win32
		{AD35C9FA-7194-47C8-BB7E-5128E5D7585B}.Release|x64.ActiveCfg = Release|x64
		{AD35C9FA-7194-47C8-BB7E-5128E5D7585B}.Release|x64.Build.0 = Release|x64
		{AD35C9FA-7194-47C8-BB7E-5128E5D7585B}.Release|x86.ActiveCfg = Release|Win32
		{AD35C9FA-7194-47C8-BB7E-5128E5D7585B}.Release|x86.Build.0 = Release|Win32
		{C31FF062-018E-4CFB-A495-E53A85A6704B}.Debug|x64.ActiveCfg = Debug|x64
		{C31FF062-018E-4CFB-A495-E53A85A6704B}.Debug|x64.Build.0 = Debug|x64
		{C31FF062-018E-4CFB-A495-E53A85A6704B}.Debug|x86.ActiveCfg = Debug|Win32
		{C31FF062-018E-4CFB-A495-E53A85A6704B}.Debug|x86.Build.0 = Debug|Win32
		{C31FF062-018E-4CFB-A495-E53A85A6704B}.Release|x64.ActiveCfg = Release|x64
		{C31FF062-018E-4CFB-A495-E53A85A6704B}.Release|x64.Build.0 = Release|x64
		{C31FF062-018E-4CFB-A495-E53A85A6704B}.Release|x86.ActiveCfg = Release|Win32
		{C31FF062-018E-4CFB-A495-E53A85A6704B}.Release|x86.Build.0 = Release|Win32
		{C60822E9-F50E-4417-87EC-E1E766B09B15}.Debug|x64.ActiveCfg = Debug|x64
		{C60822E9-F50E-4417-87EC-E1E766B09B15}.Debug|x64.Build.0 = Debug|x64
		{C60822E9-F50E-4417-87EC-E1E766B09B15}.Debug|x86.ActiveCfg = Debug|Win32
		{C60822E9-F50E-4417-87EC-E1E766B09B15}.Debug|x86.Build.0 = Debug|Win32
		{C60822E9-F50E-4417-87EC-E1E766B09B15}.Release|x64.ActiveCfg = Release|x64
		{C60822E9-F50E-4417-87EC-E1E766B09B15}.Release|x64.Build.0 = Release|x64
		{C60822E9-F50E-4417-87EC-E1E766B09B15}.Release|x86.ActiveCfg = Release|Win32
		{C60822E9-F50E-4417-87EC-E1E766B09B15}.Release|x86.Build.0 = Release|Win32
		{7E7E7425-E0E1-4E15-83A8-2C8712A17515}.Debug|x64.ActiveCfg = Debug|x64
		{7E7E7425-E0E1-4E15-83A8-2C8712A17515}.Debug|x64.Build.0 = Debug|x64
		{7E7E7425-E0E1-4E15-83A8-2C8712A17515}.Debug|x86.ActiveCfg = Debug|Win32
		{7E7E7425-E0E1-4E15-83A8-2C8712A17515}.Debug|x86.Build.0 = Debug|Win32
		{7E7E7425-E0E1-4E15-83A8-2C8712A17515}.Release|x64.ActiveCfg = Release|x64
		{7E7E7425-E0E1-4E15-83A8-2C8712A17515}.Release|x64.Build.0 = Release|x64
		{7E7E7425-E0E1-4E15-83A8-2C8712A17515}.Release|x86.ActiveCfg = Release|Win32
		{7E7E7425-E0E1-4E15-83A8-2C8712A17515}.Release|x86.Build.0 = Release|Win32
		{4040868A-E113-4570-9184-A466E7F9ACEA}.Debug|x64.ActiveCfg = Debug|x64
		{4040868A-E113-4570-9184-A466E7F9ACEA}.Debug|x64.Build.0 = Debug|x64
		{4040868A-E113-4570-9184-A466E7F9ACEA}.Debug|x86.ActiveCfg = Debug|Win32
		{4040868A-E113-4570-9184-A466E7F9ACEA}.Debug|x86.Build.0 = Debug|Win32
		{4040868A-E113-4570-9184-A466E7F9ACEA}.Release|x64.ActiveCfg = Release|x64
		{4040868A-E113-4570-9184-A466E7F9ACEA}.Release|x64.Build.0 = Release|x64
		{4040868A-E113-4570-9184-A466E7F9ACEA}.Release|x86.ActiveCfg = Release|Win32
		{4040868A-E113-4570-9184-A466E7F9ACEA}.Release|x86.Build.0 = Release|Win32
		{77224BC1-325A-45FC-A9E6-383CF821BA57}.Debug|x64.ActiveCfg = Debug|x64
		{77224BC1-325A-45FC-A9E6-383CF821BA57}.Debug|x64.Build.0 = Debug|x64
		{77224BC1-325A-45FC-A9E6-383CF821BA57}.Debug|x86.ActiveCfg = Debug|Win32
		{77224BC1-325A-45FC-A9E6-383CF821BA57}.Debug|x86.Build.0 = Debug|Win32
		{77224BC1-325A-45FC-A9E6-383CF821BA57}.Release|x64.ActiveCfg = Release|x64
		{77224BC1-325A-45FC-A9E6-383CF821BA57}.Release|x64.Build.0 = Release|x64
		{77224BC1-325A-45FC-A9E6-383CF821BA57}.Release|x86.ActiveCfg = Release|Win32
		{77224BC1-325A-45FC-A9E6-383CF821BA57}.Release|x86.Build.0 = Release|Win32
		{EC3E7A0F-965F-4D6C-9B8E-A6DB89267C75}.Debug|x64.ActiveCfg = Debug|x64
		{EC3E7A0F-965F-4D6C-9B8E-A6DB89267C75}.Debug|x64.Build.0 = Debug|x64
		{EC3E7A0F-965F-4D6C-9B8E-A6DB89267C75}.Debug|x86.ActiveCfg = Debug|Win32
		{EC3E7A0F-965F-4D6C-9B8E-A6DB89267C75}.Debug|x86.Build.0 = Debug|Win32
		{EC3E7A0F-965F-4D6C-9B8E-A6DB89267C75}.Release|x64.ActiveCfg = Release|x64
		{EC3E7A0F-965F-4D6C-9B8E-A6DB89267C75}.Release|x64.Build.0 = Release|x64
		{EC3E7A0F-965F-4D6C-9B8E-A6DB89267C75}.Release|x86.ActiveCfg = Release|Win32
		{EC3E7A0F-965F-4D6C-9B8E-A6DB89267C75}.Release|x86.Build.0 = Release|Win32
		{59C2A16C-B33C-48D3-BC5E-0B821D5B9271}.Debug|x64.ActiveCfg = Debug|x64
		{59C2A16C-B33C-48D3-BC5E-0B821D5B9271}.Debug|x64.Build.0 = Debug|x64
		{59C2A16C-B33C-48D3-BC5E-0B821D5B9271}.Debug|x86.ActiveCfg = Debug|Win32
		{59C2A16C-B33C-48D3-BC5E-0B821D5B9271}.Debug|x86.Build.0 = Debug|Win32
		{59C2A16C-B33C-48D3-BC5E-0B821D5B9271}.Release|x64.ActiveCfg = Release|x64
		{59C2A16C-B33C-48D3-BC5E-0B821D5B9271}.Release|x64.Build.0 = Release|x64
		{59C2A16C-B33C-48D3-BC5E-0B821D5B9271}.Release|x86.ActiveCfg = Release|Win32
		{59C2A16C-B33C-48D3-BC5E-0B821D5B9271}.Release|x86.Build.0 = Release|Win32
		{E43398D4-6554-47BE-9C6F-AF7A499FA27C}.Debug|x64.ActiveCfg = Debug|x64
		{E43398D4-6554-47BE-9C6F-AF7A499FA27C}.Debug|x64.Build.0 = Debug|x64
		{E43398D4-6554-47BE-9C6F-AF7A499FA27C}.Debug|x86.ActiveCfg = Debug|Win32
		{E43398D4-6554-47BE-9C6F-AF7A499FA27C}.Debug|x86.Build.0 = Debug|Win32
		{E43398D4-6554-47BE-9C6F-AF7A499FA27C}.Release|x64.ActiveCfg = Release|x64
		{E43398D4-6554-47BE-9C6F-AF7A499FA27C}.Release|x64.Build.0 = Release|x64
		{E43398D4-6554-47BE-9C6F-AF7A499FA27C}.Release|x86.ActiveCfg = Release|Win32
		{E43398D4-6554-47BE-9C6F-AF7A499FA27C}.Release|x86.Build.0 = Release|Win32
		{93AB4352-C54F-4CCA-90E3-1FE1E36BA03A}.Debug|x64.ActiveCfg = Debug|x64
		{93AB4352-C54F-4CCA-90E3-1FE1E36BA03A}.Debug|x64.Build.0 = Debug|x64
		{93AB4352-C54F-4CCA-90E3-1FE1E36BA03A}.Debug|x86.ActiveCfg = Debug|Win32
		{93AB4352-C54F-4CCA-90E3-1FE1E36BA03A}.Debug|x86.Build.0 = Debug|Win32
		{93AB4352-C54F-4CCA-90E3-1FE1E36BA03A}.Release|x64.ActiveCfg = Release|x64
		{93AB4352-C54F-4CCA-90E3-1FE1E36BA03A}.Release|x64.Build.0 = Release|x64
		{93AB4352-C54F-4CCA-90E3-1FE1E36BA03A}.Release|x86.ActiveCfg = Release|Win32
		{93AB4352-C54F-4CCA-90E3-1FE1E36BA03A}.Release|x86.Build.0 = Release|Win32
		{C344C191-3D38-4DCD-AEA5-1F5BC512EDE1}.Debug|x64.ActiveCfg = Debug|x64
		{C344C191-3D38-4DCD-AEA5-1F5BC512EDE1}.Debug|x64.Build.0 = Debug|x64
		{C344C191-3D38-4DCD-AEA5-1F5BC512EDE1}.Debug|x86.ActiveCfg = Debug|Win32
		{C344C191-3D38-4DCD-AEA5-1F5BC512EDE1}.Debug|x86.Build.0 = Debug|Win32
		{C344C191-3D38-4DCD-AEA5-1F5BC512EDE1}.Release|x64.ActiveCfg = Release|x64
		{C344C191-3D38-4DCD-AEA5-1F5BC512EDE1}.Release|x64.Build.0 = Release|x64
		{C344C191-3D38-4DCD-AEA5-1F5BC512EDE1}.Release|x86.ActiveCfg = Release|Win32
		{C344C191-3D38-4DCD-AEA5-1F5BC512EDE1}.Release|x86.Build.0 = Release|Win32
		{F3F8158D-4F43-4B4B-A67D-33FE0B356810}.Debug|x64.ActiveCfg = Debug|x64
		{F3F8158D-4F43-4B4B-A67D-33FE0B356810}.Debug|x64.Build.0 = Debug|x64
		{F3F8158D-4F43-4B4B-A67D-33FE0B356810}.Debug|x86.ActiveCfg = Debug|Win32
		{F3F8158D-4F43-4B4B-A67D-33FE0B356810}.Debug|x86.Build.0 = Debug|Win32
		{F3F8158D-4F43-4B4B-A67D-33FE0B356810}.Release|x64.ActiveCfg = Release|x64
		{F3F8158D-4F43-4B4B-A67D-33FE0B356810}.Release|x64.Build.0 = Release|x64
		{F3F8158D-4F43-4B4B-A67D-33FE0B356810}.Release|x86.ActiveCfg = Release|Win32
		{F3F8158D-4F43-4B4B-A67D-33FE0B356810}.Release|x86.Build.0 = Release|Win32
		{344097E5-06B8-475C-8435-FBE251BB8832}.Debug|x64.ActiveCfg = Debug|x64
		{344097E5-06B8-475C-8435-FBE251BB8832}.Debug|x64.Build.0 = Debug|x64
		{344097E5-06B8-475C-8435-FBE251BB8832}.Debug|x86.ActiveCfg = Debug|Win32
		{344097E5-06B8-475C-8435-FBE251BB8832}.Debug|x86.Build.0 = Debug|Win32
		{344097E5-06B8-475C-8435-FBE251BB8832}.Release|x64.ActiveCfg = Release|x64
		{344097E5-06B8-475C-8435-FBE251BB8832}.Release|x64.Build.0 = Release|x64
		{344097E5-06B8-475C-8435-FBE251BB8832}.Release|x86.ActiveCfg = Release|Win32
		{344097E5-06B8-475C-8435-FBE251BB8832}.Release|x86.Build.0 = Release|Win32
		{1D2B2311-B44B-4AAA-9D95-430FBEC44418}.Debug|x64.ActiveCfg = Debug|x64
		{1D2B2311-B44B-4AAA-9D95-430FBEC44418}.Debug|x64.Build.0 = Debug|x64
		{1D2B2311-B44B-4AAA-9D95-430FBEC44418}.Debug|x86.ActiveCfg = Debug|Win32
		{1D2B2311-B44B-4AAA-9D95-430FBEC44418}.Debug|x86.Build.0 = Debug|Win32
		{1D2B2311-B44B-4AAA-9D95-430FBEC44418}.Release|x64.ActiveCfg = Release|x64
		{1D2B2311-B44B-4AAA-9D95-430FBEC44418}.Release|x64.Build.0 = Release|x64
		{1D2B2311-B44B-4AAA-9D95-430FBEC44418}.Release|x86.ActiveCfg = Release|Win32
		{1D2B2311-B44B-4AAA-9D95-430FBEC44418}.Release|x86.Build.0 = Release|Win32
		{8C87F035-FA38-408F-A9A0-DA3E173DC08D}.Debug|x64.ActiveCfg = Debug|x64
		{8C87F035-FA38-408F-A9A0-DA3E173DC08D}.Debug|x64.Build.0 = Debug|x64
		{8C87F035-FA38-408F-A9A0-DA3E173DC08D}.Debug|x86.ActiveCfg = Debug|Win32
		{8C87F035-FA38-408F-A9A0-DA3E173DC08D}.Debug|x86.Build.0 = Debug|Win32
		{8C87F035-FA38-408F-A9A0-DA3E173DC08D}.Release|x64.ActiveCfg = Release|x64
		{8C87F035-FA38-408F-A9A0-DA3E173DC08D}.Release|x64.Build.0 = Release|x64
		{8C87F035-FA38-408F-A9A0-DA3E173DC08D}.Release|x86.ActiveCfg = Release|Win32
		{8C87F035-FA38-408F-A9A0-DA3E173DC08D}.Release|x86.Build.0 = Release|Win32
		{D51FE1F9-4F1E-4AA4-A71D-4CCEAE51A3C4}.Debug|x64.ActiveCfg = Debug|x64
		{D51FE1F9-4F1E-4AA4-A71D-4CCEAE51A3C4}.Debug|x64.Build.0 = Debug|x64
		{D51FE1F9-4F1E-4AA4-A71D-4CCEAE51A3C4}.Debug|x86.ActiveCfg = Debug|Win32
		{D51FE1F9-4F1E-4AA4-A71D-4CCEAE51A3C4}.Debug|x86.Build.0 = Debug|Win32
		{D51FE1F9-4F1E-4AA4-A71D-4CCEAE51A3C4}.Release|x64.ActiveCfg = Release|x64
		{D51FE1F9-4F1E-4AA4-A71D-4CCEAE51A3C4}.Release|x64.Build.0 = Release|x64
		{D51FE1F9-4F1E-4AA4-A71D-4CCEAE51A3C4}.Release|x86.ActiveCfg = Release|Win32
		{D51FE1F9-4F1E-4AA4-A71D-4CCEAE51A3C4}.Release|x86.Build.0 = Release|Win32
		{5F228D74-B8D5-4FBF-A3C9-0EC7F9210DAD}.Debug|x64.ActiveCfg = Debug|x64
		{5F228D74-B8D5-4FBF-A3C9-0EC7F9210DAD}.Debug|x64.Build.0 = Debug|x64
		{5F228D74-B8D5-4FBF-A3C9-0EC7F9210DAD}.Debug|x86.ActiveCfg = Debug|Win32
		{5F228D74-B8D5-4FBF-A3C9-0EC7F9210DAD}.Debug|x86.Build.0 = Debug|Win32
		{5F228D74-B8D5-4FBF-A3C9-0EC7F9210DAD}.Release|x64.ActiveCfg = Release|x64
		{5F228D74-B8D5-4FBF-A3C9-0EC7F9210DAD}.Release|x64.Build.0 = Release|x64
		{5F228D74-B8D5-4FBF-A3C9-0EC7F9210DAD}.Release|x86.ActiveCfg = Release|Win32
		{5F228D74-B8D5-4FBF-A3C9-0EC7F9210DAD}.Release|x86.Build.0 = Release|Win32
		{83FCD137-511E-4CCC-A42F-71202F699ACD}.Debug|x64.ActiveCfg = Debug|x64
		{83FCD137-511E-4CCC-A42F-71202F699ACD}.Debug|x64.Build.0 = Debug|x64
		{83FCD137-511E-4CCC-A42F-71202F699ACD}.Debug|x86.ActiveCfg = Debug|Win32
		{83FCD137-511E-4CCC-A42F-71202F699ACD}.Debug|x86.Build.0 = Debug|Win32
		{83FCD137-511E-4CCC-A42F-71202F699ACD}.Release|x64.ActiveCfg = Release|x64
		{83FCD137-511E-4CCC-A42F-71202F699ACD}.Release|x64.Build.0 = Release|x64
		{83FCD137-511E-4CCC-A42F-71202F699ACD}.Release|x86.ActiveCfg = Release|Win32
		{83FCD137-511E-4CCC-A42F-71202F699ACD}.Release|x86.Build.0 = Release|Win32
		{DBB31C8C-6FA7-4AED-B990-9D5D6A480FFD}.Debug|x64.ActiveCfg = Debug|x64
		{DBB31C8C-6FA7-4AED-B990-9D5D6A480FFD}.Debug|x64.Build.0 = Debug|x64
		{DBB31C8C-6FA7-4AED-B990-9D5D6A480FFD}.Debug|x86.ActiveCfg = Debug|Win32
		{DBB31C8C-6FA7-4AED-B990-9D5D6A480FFD}.Debug|x86.Build.0 = Debug|Win32
		{DBB31C8C-6FA7-4AED-B990-9D5D6A480FFD}.Release|x64.ActiveCfg = Release|x64
		{DBB31C8C-6FA7-4AED-B990-9D5D6A480FFD}.Release|x64.Build.0 = Release|x64
		{DBB31C8C-6FA7-4AED-B990-9D5D6A480FFD}.Release|x86.ActiveCfg = Release|Win32
		{DBB31C8C-6FA7-4AED-B990-9D5D6A480FFD}.Release|x86.Build.0 = Release|Win32
		{F18AD5DC-8FA0-4344-BD2A-81EC42AAEF24}.Debug|x64.ActiveCfg = Debug|x64
		{F18AD5DC-8FA0-4344-BD2A-81EC42AAEF24}.Debug|x64.Build.0 = Debug|x64
		{F18AD5DC-8FA0-4344-BD2A-81EC42AAEF24}.Debug|x86.ActiveCfg = Debug|Win32
		{F18AD5DC-8FA0-4344-BD2A-81EC42AAEF24}.Debug|x86.Build.0 = Debug|Win32
		{F18AD5DC-8FA0-4344-BD2A-81EC42AAEF24}.Release|x64.ActiveCfg = Release|x64
		{F18AD5DC-8FA0-4344-BD2A-81EC42AAEF24}.Release|x64.Build.0 = Release|x64
		{F18AD5DC-8FA0-4344-BD2A-81EC42AAEF24}.Release|x86.ActiveCfg = Release|Win32
		{F18AD5DC-8FA0-4344-BD2A-81EC42AAEF24}.Release|x86.Build.0 = Release|Win32
	EndGlobalSection
	GlobalSection(SolutionProperties) = preSolution
		HideSolutionNode = FALSE
	EndGlobalSection
	GlobalSection(ExtensibilityGlobals) = postSolution
		SolutionGuid = {6B80F426-F680-4842-B770-777B3CA3B621}
	EndGlobalSection
EndGlobal
