
Microsoft Visual Studio Solution File, Format Version 12.00
# Visual Studio Version 16
VisualStudioVersion = 16.0.30907.101
MinimumVisualStudioVersion = 10.0.40219.1
Project("{8BC9CEB8-8B4A-11D0-8D11-00A0C91BC942}") = "cpp_programming_study", "cpp_programming_study\cpp_programming_study.vcxproj", "{A6F7FC8E-B488-4DDF-9748-82509EAB3C71}"
EndProject
Global
	GlobalSection(SolutionConfigurationPlatforms) = preSolution
		Debug|x64 = Debug|x64
		Debug|x86 = Debug|x86
		Release|x64 = Release|x64
		Release|x86 = Release|x86
	EndGlobalSection
	GlobalSection(ProjectConfigurationPlatforms) = postSolution
		{A6F7FC8E-B488-4DDF-9748-82509EAB3C71}.Debug|x64.ActiveCfg = Debug|x64
		{A6F7FC8E-B488-4DDF-9748-82509EAB3C71}.Debug|x64.Build.0 = Debug|x64
		{A6F7FC8E-B488-4DDF-9748-82509EAB3C71}.Debug|x86.ActiveCfg = Debug|Win32
		{A6F7FC8E-B488-4DDF-9748-82509EAB3C71}.Debug|x86.Build.0 = Debug|Win32
		{A6F7FC8E-B488-4DDF-9748-82509EAB3C71}.Release|x64.ActiveCfg = Release|x64
		{A6F7FC8E-B488-4DDF-9748-82509EAB3C71}.Release|x64.Build.0 = Release|x64
		{A6F7FC8E-B488-4DDF-9748-82509EAB3C71}.Release|x86.ActiveCfg = Release|Win32
		{A6F7FC8E-B488-4DDF-9748-82509EAB3C71}.Release|x86.Build.0 = Release|Win32
	EndGlobalSection
	GlobalSection(SolutionProperties) = preSolution
		HideSolutionNode = FALSE
	EndGlobalSection
	GlobalSection(ExtensibilityGlobals) = postSolution
		SolutionGuid = {6B80F426-F680-4842-B770-777B3CA3B621}
	EndGlobalSection
EndGlobal
